
Microsoft Visual Studio Solution File, Format Version 12.00
# Visual Studio Version 17
VisualStudioVersion = 17.4.33213.308
MinimumVisualStudioVersion = 10.0.40219.1
Project("{FAE04EC0-301F-11D3-BF4B-00C04F79EFBC}") = "TestAscon", "TestAscon\TestAscon.csproj", "{B516BF84-BA9A-4F0D-BE17-945C4C549EDD}"
EndProject
Global
	GlobalSection(SolutionConfigurationPlatforms) = preSolution
		Debug|Any CPU = Debug|Any CPU
		Release|Any CPU = Release|Any CPU
	EndGlobalSection
	GlobalSection(ProjectConfigurationPlatforms) = postSolution
		{B516BF84-BA9A-4F0D-BE17-945C4C549EDD}.Debug|Any CPU.ActiveCfg = Debug|Any CPU
		{B516BF84-BA9A-4F0D-BE17-945C4C549EDD}.Debug|Any CPU.Build.0 = Debug|Any CPU
		{B516BF84-BA9A-4F0D-BE17-945C4C549EDD}.Release|Any CPU.ActiveCfg = Release|Any CPU
		{B516BF84-BA9A-4F0D-BE17-945C4C549EDD}.Release|Any CPU.Build.0 = Release|Any CPU
	EndGlobalSection
	GlobalSection(SolutionProperties) = preSolution
		HideSolutionNode = FALSE
	EndGlobalSection
	GlobalSection(ExtensibilityGlobals) = postSolution
		SolutionGuid = {9E46B42C-599B-41D3-A390-CCFE17155747}
	EndGlobalSection
EndGlobal
